// !$*UTF8*$!
{
	archiveVersion = 1;
	classes = {
	};
	objectVersion = 46;
	objects = {

/* Begin PBXBuildFile section */
		E9A9A9491A4664EB00BC8D68 /* GameOverScene.swift in Sources */ = {isa = PBXBuildFile; fileRef = E9A9A9481A4664EB00BC8D68 /* GameOverScene.swift */; };
		E9AAE33C1A41B72700D7F643 /* AppDelegate.swift in Sources */ = {isa = PBXBuildFile; fileRef = E9AAE33B1A41B72700D7F643 /* AppDelegate.swift */; };
		E9AAE33E1A41B72700D7F643 /* GameScene.sks in Resources */ = {isa = PBXBuildFile; fileRef = E9AAE33D1A41B72700D7F643 /* GameScene.sks */; };
		E9AAE3401A41B72700D7F643 /* GameScene.swift in Sources */ = {isa = PBXBuildFile; fileRef = E9AAE33F1A41B72700D7F643 /* GameScene.swift */; };
		E9AAE3421A41B72700D7F643 /* GameViewController.swift in Sources */ = {isa = PBXBuildFile; fileRef = E9AAE3411A41B72700D7F643 /* GameViewController.swift */; };
		E9AAE3451A41B72700D7F643 /* Main.storyboard in Resources */ = {isa = PBXBuildFile; fileRef = E9AAE3431A41B72700D7F643 /* Main.storyboard */; };
		E9AAE3471A41B72700D7F643 /* Images.xcassets in Resources */ = {isa = PBXBuildFile; fileRef = E9AAE3461A41B72700D7F643 /* Images.xcassets */; };
		E9AAE34A1A41B72700D7F643 /* LaunchScreen.xib in Resources */ = {isa = PBXBuildFile; fileRef = E9AAE3481A41B72700D7F643 /* LaunchScreen.xib */; };
		E9AAE3561A41B72700D7F643 /* SpaceTests.swift in Sources */ = {isa = PBXBuildFile; fileRef = E9AAE3551A41B72700D7F643 /* SpaceTests.swift */; };
		E9AAE3631A41B8C500D7F643 /* alien@2x.png in Resources */ = {isa = PBXBuildFile; fileRef = E9AAE3601A41B8C500D7F643 /* alien@2x.png */; };
		E9AAE3641A41B8C500D7F643 /* shuttle@2x.png in Resources */ = {isa = PBXBuildFile; fileRef = E9AAE3611A41B8C500D7F643 /* shuttle@2x.png */; };
		E9AAE3651A41B8C500D7F643 /* torpedo@2x.png in Resources */ = {isa = PBXBuildFile; fileRef = E9AAE3621A41B8C500D7F643 /* torpedo@2x.png */; };
		E9AAE3691A41BA0200D7F643 /* bgmusic.mp3 in Resources */ = {isa = PBXBuildFile; fileRef = E9AAE3671A41BA0200D7F643 /* bgmusic.mp3 */; };
		E9AAE36A1A41BA0200D7F643 /* torpedo.mp3 in Resources */ = {isa = PBXBuildFile; fileRef = E9AAE3681A41BA0200D7F643 /* torpedo.mp3 */; };
		E9AAE36C1A42853700D7F643 /* AVFoundation.framework in Frameworks */ = {isa = PBXBuildFile; fileRef = E9AAE36B1A42853700D7F643 /* AVFoundation.framework */; settings = {ATTRIBUTES = (Weak, ); }; };
/* End PBXBuildFile section */

/* Begin PBXContainerItemProxy section */
		E9AAE3501A41B72700D7F643 /* PBXContainerItemProxy */ = {
			isa = PBXContainerItemProxy;
			containerPortal = E9AAE32E1A41B72700D7F643 /* Project object */;
			proxyType = 1;
			remoteGlobalIDString = E9AAE3351A41B72700D7F643;
			remoteInfo = Space;
		};
/* End PBXContainerItemProxy section */

/* Begin PBXFileReference section */
		E9A9A9481A4664EB00BC8D68 /* GameOverScene.swift */ = {isa = PBXFileReference; fileEncoding = 4; lastKnownFileType = sourcecode.swift; path = GameOverScene.swift; sourceTree = "<group>"; };
		E9AAE3361A41B72700D7F643 /* Space.app */ = {isa = PBXFileReference; explicitFileType = wrapper.application; includeInIndex = 0; path = Space.app; sourceTree = BUILT_PRODUCTS_DIR; };
		E9AAE33A1A41B72700D7F643 /* Info.plist */ = {isa = PBXFileReference; lastKnownFileType = text.plist.xml; path = Info.plist; sourceTree = "<group>"; };
		E9AAE33B1A41B72700D7F643 /* AppDelegate.swift */ = {isa = PBXFileReference; lastKnownFileType = sourcecode.swift; path = AppDelegate.swift; sourceTree = "<group>"; };
		E9AAE33D1A41B72700D7F643 /* GameScene.sks */ = {isa = PBXFileReference; lastKnownFileType = file.sks; path = GameScene.sks; sourceTree = "<group>"; };
		E9AAE33F1A41B72700D7F643 /* GameScene.swift */ = {isa = PBXFileReference; lastKnownFileType = sourcecode.swift; path = GameScene.swift; sourceTree = "<group>"; };
		E9AAE3411A41B72700D7F643 /* GameViewController.swift */ = {isa = PBXFileReference; lastKnownFileType = sourcecode.swift; path = GameViewController.swift; sourceTree = "<group>"; };
		E9AAE3441A41B72700D7F643 /* Base */ = {isa = PBXFileReference; lastKnownFileType = file.storyboard; name = Base; path = Base.lproj/Main.storyboard; sourceTree = "<group>"; };
		E9AAE3461A41B72700D7F643 /* Images.xcassets */ = {isa = PBXFileReference; lastKnownFileType = folder.assetcatalog; path = Images.xcassets; sourceTree = "<group>"; };
		E9AAE3491A41B72700D7F643 /* Base */ = {isa = PBXFileReference; lastKnownFileType = file.xib; name = Base; path = Base.lproj/LaunchScreen.xib; sourceTree = "<group>"; };
		E9AAE34F1A41B72700D7F643 /* SpaceTests.xctest */ = {isa = PBXFileReference; explicitFileType = wrapper.cfbundle; includeInIndex = 0; path = SpaceTests.xctest; sourceTree = BUILT_PRODUCTS_DIR; };
		E9AAE3541A41B72700D7F643 /* Info.plist */ = {isa = PBXFileReference; lastKnownFileType = text.plist.xml; path = Info.plist; sourceTree = "<group>"; };
		E9AAE3551A41B72700D7F643 /* SpaceTests.swift */ = {isa = PBXFileReference; lastKnownFileType = sourcecode.swift; path = SpaceTests.swift; sourceTree = "<group>"; };
		E9AAE3601A41B8C500D7F643 /* alien@2x.png */ = {isa = PBXFileReference; lastKnownFileType = image.png; path = "alien@2x.png"; sourceTree = "<group>"; };
		E9AAE3611A41B8C500D7F643 /* shuttle@2x.png */ = {isa = PBXFileReference; lastKnownFileType = image.png; path = "shuttle@2x.png"; sourceTree = "<group>"; };
		E9AAE3621A41B8C500D7F643 /* torpedo@2x.png */ = {isa = PBXFileReference; lastKnownFileType = image.png; path = "torpedo@2x.png"; sourceTree = "<group>"; };
		E9AAE3671A41BA0200D7F643 /* bgmusic.mp3 */ = {isa = PBXFileReference; lastKnownFileType = audio.mp3; path = bgmusic.mp3; sourceTree = "<group>"; };
		E9AAE3681A41BA0200D7F643 /* torpedo.mp3 */ = {isa = PBXFileReference; lastKnownFileType = audio.mp3; path = torpedo.mp3; sourceTree = "<group>"; };
		E9AAE36B1A42853700D7F643 /* AVFoundation.framework */ = {isa = PBXFileReference; lastKnownFileType = wrapper.framework; name = AVFoundation.framework; path = System/Library/Frameworks/AVFoundation.framework; sourceTree = SDKROOT; };
/* End PBXFileReference section */

/* Begin PBXFrameworksBuildPhase section */
		E9AAE3331A41B72700D7F643 /* Frameworks */ = {
			isa = PBXFrameworksBuildPhase;
			buildActionMask = 2147483647;
			files = (
				E9AAE36C1A42853700D7F643 /* AVFoundation.framework in Frameworks */,
			);
			runOnlyForDeploymentPostprocessing = 0;
		};
		E9AAE34C1A41B72700D7F643 /* Frameworks */ = {
			isa = PBXFrameworksBuildPhase;
			buildActionMask = 2147483647;
			files = (
			);
			runOnlyForDeploymentPostprocessing = 0;
		};
/* End PBXFrameworksBuildPhase section */

/* Begin PBXGroup section */
		E9AAE32D1A41B72700D7F643 = {
			isa = PBXGroup;
			children = (
				E9AAE36B1A42853700D7F643 /* AVFoundation.framework */,
				E9AAE3381A41B72700D7F643 /* Space */,
				E9AAE3521A41B72700D7F643 /* SpaceTests */,
				E9AAE3371A41B72700D7F643 /* Products */,
			);
			sourceTree = "<group>";
		};
		E9AAE3371A41B72700D7F643 /* Products */ = {
			isa = PBXGroup;
			children = (
				E9AAE3361A41B72700D7F643 /* Space.app */,
				E9AAE34F1A41B72700D7F643 /* SpaceTests.xctest */,
			);
			name = Products;
			sourceTree = "<group>";
		};
		E9AAE3381A41B72700D7F643 /* Space */ = {
			isa = PBXGroup;
			children = (
				E9AAE33B1A41B72700D7F643 /* AppDelegate.swift */,
				E9AAE33D1A41B72700D7F643 /* GameScene.sks */,
				E9AAE33F1A41B72700D7F643 /* GameScene.swift */,
				E9A9A9481A4664EB00BC8D68 /* GameOverScene.swift */,
				E9AAE3411A41B72700D7F643 /* GameViewController.swift */,
				E9AAE3661A41B9D200D7F643 /* sounds */,
				E9AAE35F1A41B7DA00D7F643 /* srites.atlas */,
				E9AAE3431A41B72700D7F643 /* Main.storyboard */,
				E9AAE3461A41B72700D7F643 /* Images.xcassets */,
				E9AAE3481A41B72700D7F643 /* LaunchScreen.xib */,
				E9AAE3391A41B72700D7F643 /* Supporting Files */,
			);
			path = Space;
			sourceTree = "<group>";
		};
		E9AAE3391A41B72700D7F643 /* Supporting Files */ = {
			isa = PBXGroup;
			children = (
				E9AAE33A1A41B72700D7F643 /* Info.plist */,
			);
			name = "Supporting Files";
			sourceTree = "<group>";
		};
		E9AAE3521A41B72700D7F643 /* SpaceTests */ = {
			isa = PBXGroup;
			children = (
				E9AAE3551A41B72700D7F643 /* SpaceTests.swift */,
				E9AAE3531A41B72700D7F643 /* Supporting Files */,
			);
			path = SpaceTests;
			sourceTree = "<group>";
		};
		E9AAE3531A41B72700D7F643 /* Supporting Files */ = {
			isa = PBXGroup;
			children = (
				E9AAE3541A41B72700D7F643 /* Info.plist */,
			);
			name = "Supporting Files";
			sourceTree = "<group>";
		};
		E9AAE35F1A41B7DA00D7F643 /* srites.atlas */ = {
			isa = PBXGroup;
			children = (
				E9AAE3601A41B8C500D7F643 /* alien@2x.png */,
				E9AAE3611A41B8C500D7F643 /* shuttle@2x.png */,
				E9AAE3621A41B8C500D7F643 /* torpedo@2x.png */,
			);
			name = srites.atlas;
			sourceTree = "<group>";
		};
		E9AAE3661A41B9D200D7F643 /* sounds */ = {
			isa = PBXGroup;
			children = (
				E9AAE3671A41BA0200D7F643 /* bgmusic.mp3 */,
				E9AAE3681A41BA0200D7F643 /* torpedo.mp3 */,
			);
			name = sounds;
			sourceTree = "<group>";
		};
/* End PBXGroup section */

/* Begin PBXNativeTarget section */
		E9AAE3351A41B72700D7F643 /* Space */ = {
			isa = PBXNativeTarget;
			buildConfigurationList = E9AAE3591A41B72700D7F643 /* Build configuration list for PBXNativeTarget "Space" */;
			buildPhases = (
				E9AAE3321A41B72700D7F643 /* Sources */,
				E9AAE3331A41B72700D7F643 /* Frameworks */,
				E9AAE3341A41B72700D7F643 /* Resources */,
			);
			buildRules = (
			);
			dependencies = (
			);
			name = Space;
			productName = Space;
			productReference = E9AAE3361A41B72700D7F643 /* Space.app */;
			productType = "com.apple.product-type.application";
		};
		E9AAE34E1A41B72700D7F643 /* SpaceTests */ = {
			isa = PBXNativeTarget;
			buildConfigurationList = E9AAE35C1A41B72700D7F643 /* Build configuration list for PBXNativeTarget "SpaceTests" */;
			buildPhases = (
				E9AAE34B1A41B72700D7F643 /* Sources */,
				E9AAE34C1A41B72700D7F643 /* Frameworks */,
				E9AAE34D1A41B72700D7F643 /* Resources */,
			);
			buildRules = (
			);
			dependencies = (
				E9AAE3511A41B72700D7F643 /* PBXTargetDependency */,
			);
			name = SpaceTests;
			productName = SpaceTests;
			productReference = E9AAE34F1A41B72700D7F643 /* SpaceTests.xctest */;
			productType = "com.apple.product-type.bundle.unit-test";
		};
/* End PBXNativeTarget section */

/* Begin PBXProject section */
		E9AAE32E1A41B72700D7F643 /* Project object */ = {
			isa = PBXProject;
			attributes = {
				LastUpgradeCheck = 0610;
				ORGANIZATIONNAME = raus0;
				TargetAttributes = {
					E9AAE3351A41B72700D7F643 = {
						CreatedOnToolsVersion = 6.1.1;
					};
					E9AAE34E1A41B72700D7F643 = {
						CreatedOnToolsVersion = 6.1.1;
						TestTargetID = E9AAE3351A41B72700D7F643;
					};
				};
			};
			buildConfigurationList = E9AAE3311A41B72700D7F643 /* Build configuration list for PBXProject "Space" */;
			compatibilityVersion = "Xcode 3.2";
			developmentRegion = English;
			hasScannedForEncodings = 0;
			knownRegions = (
				en,
				Base,
			);
			mainGroup = E9AAE32D1A41B72700D7F643;
			productRefGroup = E9AAE3371A41B72700D7F643 /* Products */;
			projectDirPath = "";
			projectRoot = "";
			targets = (
				E9AAE3351A41B72700D7F643 /* Space */,
				E9AAE34E1A41B72700D7F643 /* SpaceTests */,
			);
		};
/* End PBXProject section */

/* Begin PBXResourcesBuildPhase section */
		E9AAE3341A41B72700D7F643 /* Resources */ = {
			isa = PBXResourcesBuildPhase;
			buildActionMask = 2147483647;
			files = (
				E9AAE3641A41B8C500D7F643 /* shuttle@2x.png in Resources */,
				E9AAE3631A41B8C500D7F643 /* alien@2x.png in Resources */,
				E9AAE34A1A41B72700D7F643 /* LaunchScreen.xib in Resources */,
				E9AAE3691A41BA0200D7F643 /* bgmusic.mp3 in Resources */,
				E9AAE3651A41B8C500D7F643 /* torpedo@2x.png in Resources */,
				E9AAE3471A41B72700D7F643 /* Images.xcassets in Resources */,
				E9AAE33E1A41B72700D7F643 /* GameScene.sks in Resources */,
				E9AAE36A1A41BA0200D7F643 /* torpedo.mp3 in Resources */,
				E9AAE3451A41B72700D7F643 /* Main.storyboard in Resources */,
			);
			runOnlyForDeploymentPostprocessing = 0;
		};
		E9AAE34D1A41B72700D7F643 /* Resources */ = {
			isa = PBXResourcesBuildPhase;
			buildActionMask = 2147483647;
			files = (
			);
			runOnlyForDeploymentPostprocessing = 0;
		};
/* End PBXResourcesBuildPhase section */

/* Begin PBXSourcesBuildPhase section */
		E9AAE3321A41B72700D7F643 /* Sources */ = {
			isa = PBXSourcesBuildPhase;
			buildActionMask = 2147483647;
			files = (
				E9AAE3401A41B72700D7F643 /* GameScene.swift in Sources */,
				E9AAE3421A41B72700D7F643 /* GameViewController.swift in Sources */,
				E9A9A9491A4664EB00BC8D68 /* GameOverScene.swift in Sources */,
				E9AAE33C1A41B72700D7F643 /* AppDelegate.swift in Sources */,
			);
			runOnlyForDeploymentPostprocessing = 0;
		};
		E9AAE34B1A41B72700D7F643 /* Sources */ = {
			isa = PBXSourcesBuildPhase;
			buildActionMask = 2147483647;
			files = (
				E9AAE3561A41B72700D7F643 /* SpaceTests.swift in Sources */,
			);
			runOnlyForDeploymentPostprocessing = 0;
		};
/* End PBXSourcesBuildPhase section */

/* Begin PBXTargetDependency section */
		E9AAE3511A41B72700D7F643 /* PBXTargetDependency */ = {
			isa = PBXTargetDependency;
			target = E9AAE3351A41B72700D7F643 /* Space */;
			targetProxy = E9AAE3501A41B72700D7F643 /* PBXContainerItemProxy */;
		};
/* End PBXTargetDependency section */

/* Begin PBXVariantGroup section */
		E9AAE3431A41B72700D7F643 /* Main.storyboard */ = {
			isa = PBXVariantGroup;
			children = (
				E9AAE3441A41B72700D7F643 /* Base */,
			);
			name = Main.storyboard;
			sourceTree = "<group>";
		};
		E9AAE3481A41B72700D7F643 /* LaunchScreen.xib */ = {
			isa = PBXVariantGroup;
			children = (
				E9AAE3491A41B72700D7F643 /* Base */,
			);
			name = LaunchScreen.xib;
			sourceTree = "<group>";
		};
/* End PBXVariantGroup section */

/* Begin XCBuildConfiguration section */
		E9AAE3571A41B72700D7F643 /* Debug */ = {
			isa = XCBuildConfiguration;
			buildSettings = {
				ALWAYS_SEARCH_USER_PATHS = NO;
				CLANG_CXX_LANGUAGE_STANDARD = "gnu++0x";
				CLANG_CXX_LIBRARY = "libc++";
				CLANG_ENABLE_MODULES = YES;
				CLANG_ENABLE_OBJC_ARC = YES;
				CLANG_WARN_BOOL_CONVERSION = YES;
				CLANG_WARN_CONSTANT_CONVERSION = YES;
				CLANG_WARN_DIRECT_OBJC_ISA_USAGE = YES_ERROR;
				CLANG_WARN_EMPTY_BODY = YES;
				CLANG_WARN_ENUM_CONVERSION = YES;
				CLANG_WARN_INT_CONVERSION = YES;
				CLANG_WARN_OBJC_ROOT_CLASS = YES_ERROR;
				CLANG_WARN_UNREACHABLE_CODE = YES;
				CLANG_WARN__DUPLICATE_METHOD_MATCH = YES;
				"CODE_SIGN_IDENTITY[sdk=iphoneos*]" = "iPhone Developer";
				COPY_PHASE_STRIP = NO;
				ENABLE_STRICT_OBJC_MSGSEND = YES;
				GCC_C_LANGUAGE_STANDARD = gnu99;
				GCC_DYNAMIC_NO_PIC = NO;
				GCC_OPTIMIZATION_LEVEL = 0;
				GCC_PREPROCESSOR_DEFINITIONS = (
					"DEBUG=1",
					"$(inherited)",
				);
				GCC_SYMBOLS_PRIVATE_EXTERN = NO;
				GCC_WARN_64_TO_32_BIT_CONVERSION = YES;
				GCC_WARN_ABOUT_RETURN_TYPE = YES_ERROR;
				GCC_WARN_UNDECLARED_SELECTOR = YES;
				GCC_WARN_UNINITIALIZED_AUTOS = YES_AGGRESSIVE;
				GCC_WARN_UNUSED_FUNCTION = YES;
				GCC_WARN_UNUSED_VARIABLE = YES;
				IPHONEOS_DEPLOYMENT_TARGET = 8.1;
				MTL_ENABLE_DEBUG_INFO = YES;
				ONLY_ACTIVE_ARCH = YES;
				SDKROOT = iphoneos;
				SWIFT_OPTIMIZATION_LEVEL = "-Onone";
			};
			name = Debug;
		};
		E9AAE3581A41B72700D7F643 /* Release */ = {
			isa = XCBuildConfiguration;
			buildSettings = {
				ALWAYS_SEARCH_USER_PATHS = NO;
				CLANG_CXX_LANGUAGE_STANDARD = "gnu++0x";
				CLANG_CXX_LIBRARY = "libc++";
				CLANG_ENABLE_MODULES = YES;
				CLANG_ENABLE_OBJC_ARC = YES;
				CLANG_WARN_BOOL_CONVERSION = YES;
				CLANG_WARN_CONSTANT_CONVERSION = YES;
				CLANG_WARN_DIRECT_OBJC_ISA_USAGE = YES_ERROR;
				CLANG_WARN_EMPTY_BODY = YES;
				CLANG_WARN_ENUM_CONVERSION = YES;
				CLANG_WARN_INT_CONVERSION = YES;
				CLANG_WARN_OBJC_ROOT_CLASS = YES_ERROR;
				CLANG_WARN_UNREACHABLE_CODE = YES;
				CLANG_WARN__DUPLICATE_METHOD_MATCH = YES;
				"CODE_SIGN_IDENTITY[sdk=iphoneos*]" = "iPhone Developer";
				COPY_PHASE_STRIP = YES;
				ENABLE_NS_ASSERTIONS = NO;
				ENABLE_STRICT_OBJC_MSGSEND = YES;
				GCC_C_LANGUAGE_STANDARD = gnu99;
				GCC_WARN_64_TO_32_BIT_CONVERSION = YES;
				GCC_WARN_ABOUT_RETURN_TYPE = YES_ERROR;
				GCC_WARN_UNDECLARED_SELECTOR = YES;
				GCC_WARN_UNINITIALIZED_AUTOS = YES_AGGRESSIVE;
				GCC_WARN_UNUSED_FUNCTION = YES;
				GCC_WARN_UNUSED_VARIABLE = YES;
				IPHONEOS_DEPLOYMENT_TARGET = 8.1;
				MTL_ENABLE_DEBUG_INFO = NO;
				SDKROOT = iphoneos;
				VALIDATE_PRODUCT = YES;
			};
			name = Release;
		};
		E9AAE35A1A41B72700D7F643 /* Debug */ = {
			isa = XCBuildConfiguration;
			buildSettings = {
				ASSETCATALOG_COMPILER_APPICON_NAME = AppIcon;
				INFOPLIST_FILE = Space/Info.plist;
				LD_RUNPATH_SEARCH_PATHS = "$(inherited) @executable_path/Frameworks";
				PRODUCT_NAME = "$(TARGET_NAME)";
			};
			name = Debug;
		};
		E9AAE35B1A41B72700D7F643 /* Release */ = {
			isa = XCBuildConfiguration;
			buildSettings = {
				ASSETCATALOG_COMPILER_APPICON_NAME = AppIcon;
				INFOPLIST_FILE = Space/Info.plist;
				LD_RUNPATH_SEARCH_PATHS = "$(inherited) @executable_path/Frameworks";
				PRODUCT_NAME = "$(TARGET_NAME)";
			};
			name = Release;
		};
		E9AAE35D1A41B72700D7F643 /* Debug */ = {
			isa = XCBuildConfiguration;
			buildSettings = {
				BUNDLE_LOADER = "$(TEST_HOST)";
				FRAMEWORK_SEARCH_PATHS = (
					"$(SDKROOT)/Developer/Library/Frameworks",
					"$(inherited)",
				);
				GCC_PREPROCESSOR_DEFINITIONS = (
					"DEBUG=1",
					"$(inherited)",
				);
				INFOPLIST_FILE = SpaceTests/Info.plist;
				LD_RUNPATH_SEARCH_PATHS = "$(inherited) @executable_path/Frameworks @loader_path/Frameworks";
				PRODUCT_NAME = "$(TARGET_NAME)";
				TEST_HOST = "$(BUILT_PRODUCTS_DIR)/Space.app/Space";
			};
			name = Debug;
		};
		E9AAE35E1A41B72700D7F643 /* Release */ = {
			isa = XCBuildConfiguration;
			buildSettings = {
				BUNDLE_LOADER = "$(TEST_HOST)";
				FRAMEWORK_SEARCH_PATHS = (
					"$(SDKROOT)/Developer/Library/Frameworks",
					"$(inherited)",
				);
				INFOPLIST_FILE = SpaceTests/Info.plist;
				LD_RUNPATH_SEARCH_PATHS = "$(inherited) @executable_path/Frameworks @loader_path/Frameworks";
				PRODUCT_NAME = "$(TARGET_NAME)";
				TEST_HOST = "$(BUILT_PRODUCTS_DIR)/Space.app/Space";
			};
			name = Release;
		};
/* End XCBuildConfiguration section */

/* Begin XCConfigurationList section */
		E9AAE3311A41B72700D7F643 /* Build configuration list for PBXProject "Space" */ = {
			isa = XCConfigurationList;
			buildConfigurations = (
				E9AAE3571A41B72700D7F643 /* Debug */,
				E9AAE3581A41B72700D7F643 /* Release */,
			);
			defaultConfigurationIsVisible = 0;
			defaultConfigurationName = Release;
		};
		E9AAE3591A41B72700D7F643 /* Build configuration list for PBXNativeTarget "Space" */ = {
			isa = XCConfigurationList;
			buildConfigurations = (
				E9AAE35A1A41B72700D7F643 /* Debug */,
				E9AAE35B1A41B72700D7F643 /* Release */,
			);
			defaultConfigurationIsVisible = 0;
			defaultConfigurationName = Release;
		};
		E9AAE35C1A41B72700D7F643 /* Build configuration list for PBXNativeTarget "SpaceTests" */ = {
			isa = XCConfigurationList;
			buildConfigurations = (
				E9AAE35D1A41B72700D7F643 /* Debug */,
				E9AAE35E1A41B72700D7F643 /* Release */,
			);
			defaultConfigurationIsVisible = 0;
			defaultConfigurationName = Release;
		};
/* End XCConfigurationList section */
	};
	rootObject = E9AAE32E1A41B72700D7F643 /* Project object */;
}
