// !$*UTF8*$!
{
	archiveVersion = 1;
	classes = {
	};
	objectVersion = 46;
	objects = {

/* Begin PBXBuildFile section */
		E9877D3D1A3DE303003D087B /* AppDelegate.swift in Sources */ = {isa = PBXBuildFile; fileRef = E9877D3C1A3DE303003D087B /* AppDelegate.swift */; };
		E9877D3F1A3DE303003D087B /* ViewController.swift in Sources */ = {isa = PBXBuildFile; fileRef = E9877D3E1A3DE303003D087B /* ViewController.swift */; };
		E9877D421A3DE303003D087B /* Main.storyboard in Resources */ = {isa = PBXBuildFile; fileRef = E9877D401A3DE303003D087B /* Main.storyboard */; };
		E9877D441A3DE303003D087B /* Images.xcassets in Resources */ = {isa = PBXBuildFile; fileRef = E9877D431A3DE303003D087B /* Images.xcassets */; };
		E9877D471A3DE303003D087B /* LaunchScreen.xib in Resources */ = {isa = PBXBuildFile; fileRef = E9877D451A3DE303003D087B /* LaunchScreen.xib */; };
		E9877D531A3DE303003D087B /* HelloWorldSwiftTests.swift in Sources */ = {isa = PBXBuildFile; fileRef = E9877D521A3DE303003D087B /* HelloWorldSwiftTests.swift */; };
/* End PBXBuildFile section */

/* Begin PBXContainerItemProxy section */
		E9877D4D1A3DE303003D087B /* PBXContainerItemProxy */ = {
			isa = PBXContainerItemProxy;
			containerPortal = E9877D2F1A3DE302003D087B /* Project object */;
			proxyType = 1;
			remoteGlobalIDString = E9877D361A3DE303003D087B;
			remoteInfo = HelloWorldSwift;
		};
/* End PBXContainerItemProxy section */

/* Begin PBXFileReference section */
		E9877D371A3DE303003D087B /* HelloWorldSwift.app */ = {isa = PBXFileReference; explicitFileType = wrapper.application; includeInIndex = 0; path = HelloWorldSwift.app; sourceTree = BUILT_PRODUCTS_DIR; };
		E9877D3B1A3DE303003D087B /* Info.plist */ = {isa = PBXFileReference; lastKnownFileType = text.plist.xml; path = Info.plist; sourceTree = "<group>"; };
		E9877D3C1A3DE303003D087B /* AppDelegate.swift */ = {isa = PBXFileReference; lastKnownFileType = sourcecode.swift; path = AppDelegate.swift; sourceTree = "<group>"; };
		E9877D3E1A3DE303003D087B /* ViewController.swift */ = {isa = PBXFileReference; lastKnownFileType = sourcecode.swift; path = ViewController.swift; sourceTree = "<group>"; };
		E9877D411A3DE303003D087B /* Base */ = {isa = PBXFileReference; lastKnownFileType = file.storyboard; name = Base; path = Base.lproj/Main.storyboard; sourceTree = "<group>"; };
		E9877D431A3DE303003D087B /* Images.xcassets */ = {isa = PBXFileReference; lastKnownFileType = folder.assetcatalog; path = Images.xcassets; sourceTree = "<group>"; };
		E9877D461A3DE303003D087B /* Base */ = {isa = PBXFileReference; lastKnownFileType = file.xib; name = Base; path = Base.lproj/LaunchScreen.xib; sourceTree = "<group>"; };
		E9877D4C1A3DE303003D087B /* HelloWorldSwiftTests.xctest */ = {isa = PBXFileReference; explicitFileType = wrapper.cfbundle; includeInIndex = 0; path = HelloWorldSwiftTests.xctest; sourceTree = BUILT_PRODUCTS_DIR; };
		E9877D511A3DE303003D087B /* Info.plist */ = {isa = PBXFileReference; lastKnownFileType = text.plist.xml; path = Info.plist; sourceTree = "<group>"; };
		E9877D521A3DE303003D087B /* HelloWorldSwiftTests.swift */ = {isa = PBXFileReference; lastKnownFileType = sourcecode.swift; path = HelloWorldSwiftTests.swift; sourceTree = "<group>"; };
/* End PBXFileReference section */

/* Begin PBXFrameworksBuildPhase section */
		E9877D341A3DE303003D087B /* Frameworks */ = {
			isa = PBXFrameworksBuildPhase;
			buildActionMask = 2147483647;
			files = (
			);
			runOnlyForDeploymentPostprocessing = 0;
		};
		E9877D491A3DE303003D087B /* Frameworks */ = {
			isa = PBXFrameworksBuildPhase;
			buildActionMask = 2147483647;
			files = (
			);
			runOnlyForDeploymentPostprocessing = 0;
		};
/* End PBXFrameworksBuildPhase section */

/* Begin PBXGroup section */
		E9877D2E1A3DE302003D087B = {
			isa = PBXGroup;
			children = (
				E9877D391A3DE303003D087B /* HelloWorldSwift */,
				E9877D4F1A3DE303003D087B /* HelloWorldSwiftTests */,
				E9877D381A3DE303003D087B /* Products */,
			);
			sourceTree = "<group>";
		};
		E9877D381A3DE303003D087B /* Products */ = {
			isa = PBXGroup;
			children = (
				E9877D371A3DE303003D087B /* HelloWorldSwift.app */,
				E9877D4C1A3DE303003D087B /* HelloWorldSwiftTests.xctest */,
			);
			name = Products;
			sourceTree = "<group>";
		};
		E9877D391A3DE303003D087B /* HelloWorldSwift */ = {
			isa = PBXGroup;
			children = (
				E9877D3C1A3DE303003D087B /* AppDelegate.swift */,
				E9877D3E1A3DE303003D087B /* ViewController.swift */,
				E9877D401A3DE303003D087B /* Main.storyboard */,
				E9877D431A3DE303003D087B /* Images.xcassets */,
				E9877D451A3DE303003D087B /* LaunchScreen.xib */,
				E9877D3A1A3DE303003D087B /* Supporting Files */,
			);
			path = HelloWorldSwift;
			sourceTree = "<group>";
		};
		E9877D3A1A3DE303003D087B /* Supporting Files */ = {
			isa = PBXGroup;
			children = (
				E9877D3B1A3DE303003D087B /* Info.plist */,
			);
			name = "Supporting Files";
			sourceTree = "<group>";
		};
		E9877D4F1A3DE303003D087B /* HelloWorldSwiftTests */ = {
			isa = PBXGroup;
			children = (
				E9877D521A3DE303003D087B /* HelloWorldSwiftTests.swift */,
				E9877D501A3DE303003D087B /* Supporting Files */,
			);
			path = HelloWorldSwiftTests;
			sourceTree = "<group>";
		};
		E9877D501A3DE303003D087B /* Supporting Files */ = {
			isa = PBXGroup;
			children = (
				E9877D511A3DE303003D087B /* Info.plist */,
			);
			name = "Supporting Files";
			sourceTree = "<group>";
		};
/* End PBXGroup section */

/* Begin PBXNativeTarget section */
		E9877D361A3DE303003D087B /* HelloWorldSwift */ = {
			isa = PBXNativeTarget;
			buildConfigurationList = E9877D561A3DE303003D087B /* Build configuration list for PBXNativeTarget "HelloWorldSwift" */;
			buildPhases = (
				E9877D331A3DE303003D087B /* Sources */,
				E9877D341A3DE303003D087B /* Frameworks */,
				E9877D351A3DE303003D087B /* Resources */,
			);
			buildRules = (
			);
			dependencies = (
			);
			name = HelloWorldSwift;
			productName = HelloWorldSwift;
			productReference = E9877D371A3DE303003D087B /* HelloWorldSwift.app */;
			productType = "com.apple.product-type.application";
		};
		E9877D4B1A3DE303003D087B /* HelloWorldSwiftTests */ = {
			isa = PBXNativeTarget;
			buildConfigurationList = E9877D591A3DE303003D087B /* Build configuration list for PBXNativeTarget "HelloWorldSwiftTests" */;
			buildPhases = (
				E9877D481A3DE303003D087B /* Sources */,
				E9877D491A3DE303003D087B /* Frameworks */,
				E9877D4A1A3DE303003D087B /* Resources */,
			);
			buildRules = (
			);
			dependencies = (
				E9877D4E1A3DE303003D087B /* PBXTargetDependency */,
			);
			name = HelloWorldSwiftTests;
			productName = HelloWorldSwiftTests;
			productReference = E9877D4C1A3DE303003D087B /* HelloWorldSwiftTests.xctest */;
			productType = "com.apple.product-type.bundle.unit-test";
		};
/* End PBXNativeTarget section */

/* Begin PBXProject section */
		E9877D2F1A3DE302003D087B /* Project object */ = {
			isa = PBXProject;
			attributes = {
				LastUpgradeCheck = 0610;
				ORGANIZATIONNAME = raus0;
				TargetAttributes = {
					E9877D361A3DE303003D087B = {
						CreatedOnToolsVersion = 6.1.1;
						DevelopmentTeam = F3JJCT9878;
					};
					E9877D4B1A3DE303003D087B = {
						CreatedOnToolsVersion = 6.1.1;
						DevelopmentTeam = F3JJCT9878;
						TestTargetID = E9877D361A3DE303003D087B;
					};
				};
			};
			buildConfigurationList = E9877D321A3DE302003D087B /* Build configuration list for PBXProject "HelloWorldSwift" */;
			compatibilityVersion = "Xcode 3.2";
			developmentRegion = English;
			hasScannedForEncodings = 0;
			knownRegions = (
				en,
				Base,
			);
			mainGroup = E9877D2E1A3DE302003D087B;
			productRefGroup = E9877D381A3DE303003D087B /* Products */;
			projectDirPath = "";
			projectRoot = "";
			targets = (
				E9877D361A3DE303003D087B /* HelloWorldSwift */,
				E9877D4B1A3DE303003D087B /* HelloWorldSwiftTests */,
			);
		};
/* End PBXProject section */

/* Begin PBXResourcesBuildPhase section */
		E9877D351A3DE303003D087B /* Resources */ = {
			isa = PBXResourcesBuildPhase;
			buildActionMask = 2147483647;
			files = (
				E9877D421A3DE303003D087B /* Main.storyboard in Resources */,
				E9877D471A3DE303003D087B /* LaunchScreen.xib in Resources */,
				E9877D441A3DE303003D087B /* Images.xcassets in Resources */,
			);
			runOnlyForDeploymentPostprocessing = 0;
		};
		E9877D4A1A3DE303003D087B /* Resources */ = {
			isa = PBXResourcesBuildPhase;
			buildActionMask = 2147483647;
			files = (
			);
			runOnlyForDeploymentPostprocessing = 0;
		};
/* End PBXResourcesBuildPhase section */

/* Begin PBXSourcesBuildPhase section */
		E9877D331A3DE303003D087B /* Sources */ = {
			isa = PBXSourcesBuildPhase;
			buildActionMask = 2147483647;
			files = (
				E9877D3F1A3DE303003D087B /* ViewController.swift in Sources */,
				E9877D3D1A3DE303003D087B /* AppDelegate.swift in Sources */,
			);
			runOnlyForDeploymentPostprocessing = 0;
		};
		E9877D481A3DE303003D087B /* Sources */ = {
			isa = PBXSourcesBuildPhase;
			buildActionMask = 2147483647;
			files = (
				E9877D531A3DE303003D087B /* HelloWorldSwiftTests.swift in Sources */,
			);
			runOnlyForDeploymentPostprocessing = 0;
		};
/* End PBXSourcesBuildPhase section */

/* Begin PBXTargetDependency section */
		E9877D4E1A3DE303003D087B /* PBXTargetDependency */ = {
			isa = PBXTargetDependency;
			target = E9877D361A3DE303003D087B /* HelloWorldSwift */;
			targetProxy = E9877D4D1A3DE303003D087B /* PBXContainerItemProxy */;
		};
/* End PBXTargetDependency section */

/* Begin PBXVariantGroup section */
		E9877D401A3DE303003D087B /* Main.storyboard */ = {
			isa = PBXVariantGroup;
			children = (
				E9877D411A3DE303003D087B /* Base */,
			);
			name = Main.storyboard;
			sourceTree = "<group>";
		};
		E9877D451A3DE303003D087B /* LaunchScreen.xib */ = {
			isa = PBXVariantGroup;
			children = (
				E9877D461A3DE303003D087B /* Base */,
			);
			name = LaunchScreen.xib;
			sourceTree = "<group>";
		};
/* End PBXVariantGroup section */

/* Begin XCBuildConfiguration section */
		E9877D541A3DE303003D087B /* Debug */ = {
			isa = XCBuildConfiguration;
			buildSettings = {
				ALWAYS_SEARCH_USER_PATHS = NO;
				CLANG_CXX_LANGUAGE_STANDARD = "gnu++0x";
				CLANG_CXX_LIBRARY = "libc++";
				CLANG_ENABLE_MODULES = YES;
				CLANG_ENABLE_OBJC_ARC = YES;
				CLANG_WARN_BOOL_CONVERSION = YES;
				CLANG_WARN_CONSTANT_CONVERSION = YES;
				CLANG_WARN_DIRECT_OBJC_ISA_USAGE = YES_ERROR;
				CLANG_WARN_EMPTY_BODY = YES;
				CLANG_WARN_ENUM_CONVERSION = YES;
				CLANG_WARN_INT_CONVERSION = YES;
				CLANG_WARN_OBJC_ROOT_CLASS = YES_ERROR;
				CLANG_WARN_UNREACHABLE_CODE = YES;
				CLANG_WARN__DUPLICATE_METHOD_MATCH = YES;
				"CODE_SIGN_IDENTITY[sdk=iphoneos*]" = "iPhone Developer";
				COPY_PHASE_STRIP = NO;
				ENABLE_STRICT_OBJC_MSGSEND = YES;
				GCC_C_LANGUAGE_STANDARD = gnu99;
				GCC_DYNAMIC_NO_PIC = NO;
				GCC_OPTIMIZATION_LEVEL = 0;
				GCC_PREPROCESSOR_DEFINITIONS = (
					"DEBUG=1",
					"$(inherited)",
				);
				GCC_SYMBOLS_PRIVATE_EXTERN = NO;
				GCC_WARN_64_TO_32_BIT_CONVERSION = YES;
				GCC_WARN_ABOUT_RETURN_TYPE = YES_ERROR;
				GCC_WARN_UNDECLARED_SELECTOR = YES;
				GCC_WARN_UNINITIALIZED_AUTOS = YES_AGGRESSIVE;
				GCC_WARN_UNUSED_FUNCTION = YES;
				GCC_WARN_UNUSED_VARIABLE = YES;
				IPHONEOS_DEPLOYMENT_TARGET = 8.1;
				MTL_ENABLE_DEBUG_INFO = YES;
				ONLY_ACTIVE_ARCH = YES;
				SDKROOT = iphoneos;
				SWIFT_OPTIMIZATION_LEVEL = "-Onone";
			};
			name = Debug;
		};
		E9877D551A3DE303003D087B /* Release */ = {
			isa = XCBuildConfiguration;
			buildSettings = {
				ALWAYS_SEARCH_USER_PATHS = NO;
				CLANG_CXX_LANGUAGE_STANDARD = "gnu++0x";
				CLANG_CXX_LIBRARY = "libc++";
				CLANG_ENABLE_MODULES = YES;
				CLANG_ENABLE_OBJC_ARC = YES;
				CLANG_WARN_BOOL_CONVERSION = YES;
				CLANG_WARN_CONSTANT_CONVERSION = YES;
				CLANG_WARN_DIRECT_OBJC_ISA_USAGE = YES_ERROR;
				CLANG_WARN_EMPTY_BODY = YES;
				CLANG_WARN_ENUM_CONVERSION = YES;
				CLANG_WARN_INT_CONVERSION = YES;
				CLANG_WARN_OBJC_ROOT_CLASS = YES_ERROR;
				CLANG_WARN_UNREACHABLE_CODE = YES;
				CLANG_WARN__DUPLICATE_METHOD_MATCH = YES;
				"CODE_SIGN_IDENTITY[sdk=iphoneos*]" = "iPhone Developer";
				COPY_PHASE_STRIP = YES;
				ENABLE_NS_ASSERTIONS = NO;
				ENABLE_STRICT_OBJC_MSGSEND = YES;
				GCC_C_LANGUAGE_STANDARD = gnu99;
				GCC_WARN_64_TO_32_BIT_CONVERSION = YES;
				GCC_WARN_ABOUT_RETURN_TYPE = YES_ERROR;
				GCC_WARN_UNDECLARED_SELECTOR = YES;
				GCC_WARN_UNINITIALIZED_AUTOS = YES_AGGRESSIVE;
				GCC_WARN_UNUSED_FUNCTION = YES;
				GCC_WARN_UNUSED_VARIABLE = YES;
				IPHONEOS_DEPLOYMENT_TARGET = 8.1;
				MTL_ENABLE_DEBUG_INFO = NO;
				SDKROOT = iphoneos;
				VALIDATE_PRODUCT = YES;
			};
			name = Release;
		};
		E9877D571A3DE303003D087B /* Debug */ = {
			isa = XCBuildConfiguration;
			buildSettings = {
				ASSETCATALOG_COMPILER_APPICON_NAME = AppIcon;
				INFOPLIST_FILE = HelloWorldSwift/Info.plist;
				LD_RUNPATH_SEARCH_PATHS = "$(inherited) @executable_path/Frameworks";
				PRODUCT_NAME = "$(TARGET_NAME)";
			};
			name = Debug;
		};
		E9877D581A3DE303003D087B /* Release */ = {
			isa = XCBuildConfiguration;
			buildSettings = {
				ASSETCATALOG_COMPILER_APPICON_NAME = AppIcon;
				INFOPLIST_FILE = HelloWorldSwift/Info.plist;
				LD_RUNPATH_SEARCH_PATHS = "$(inherited) @executable_path/Frameworks";
				PRODUCT_NAME = "$(TARGET_NAME)";
			};
			name = Release;
		};
		E9877D5A1A3DE303003D087B /* Debug */ = {
			isa = XCBuildConfiguration;
			buildSettings = {
				BUNDLE_LOADER = "$(TEST_HOST)";
				CODE_SIGN_IDENTITY = "iPhone Developer";
				"CODE_SIGN_IDENTITY[sdk=iphoneos*]" = "iPhone Developer";
				FRAMEWORK_SEARCH_PATHS = (
					"$(SDKROOT)/Developer/Library/Frameworks",
					"$(inherited)",
				);
				GCC_PREPROCESSOR_DEFINITIONS = (
					"DEBUG=1",
					"$(inherited)",
				);
				INFOPLIST_FILE = HelloWorldSwiftTests/Info.plist;
				LD_RUNPATH_SEARCH_PATHS = "$(inherited) @executable_path/Frameworks @loader_path/Frameworks";
				PRODUCT_NAME = "$(TARGET_NAME)";
				PROVISIONING_PROFILE = "";
				TEST_HOST = "$(BUILT_PRODUCTS_DIR)/HelloWorldSwift.app/HelloWorldSwift";
			};
			name = Debug;
		};
		E9877D5B1A3DE303003D087B /* Release */ = {
			isa = XCBuildConfiguration;
			buildSettings = {
				BUNDLE_LOADER = "$(TEST_HOST)";
				CODE_SIGN_IDENTITY = "iPhone Developer";
				"CODE_SIGN_IDENTITY[sdk=iphoneos*]" = "iPhone Developer";
				FRAMEWORK_SEARCH_PATHS = (
					"$(SDKROOT)/Developer/Library/Frameworks",
					"$(inherited)",
				);
				INFOPLIST_FILE = HelloWorldSwiftTests/Info.plist;
				LD_RUNPATH_SEARCH_PATHS = "$(inherited) @executable_path/Frameworks @loader_path/Frameworks";
				PRODUCT_NAME = "$(TARGET_NAME)";
				PROVISIONING_PROFILE = "";
				TEST_HOST = "$(BUILT_PRODUCTS_DIR)/HelloWorldSwift.app/HelloWorldSwift";
			};
			name = Release;
		};
/* End XCBuildConfiguration section */

/* Begin XCConfigurationList section */
		E9877D321A3DE302003D087B /* Build configuration list for PBXProject "HelloWorldSwift" */ = {
			isa = XCConfigurationList;
			buildConfigurations = (
				E9877D541A3DE303003D087B /* Debug */,
				E9877D551A3DE303003D087B /* Release */,
			);
			defaultConfigurationIsVisible = 0;
			defaultConfigurationName = Release;
		};
		E9877D561A3DE303003D087B /* Build configuration list for PBXNativeTarget "HelloWorldSwift" */ = {
			isa = XCConfigurationList;
			buildConfigurations = (
				E9877D571A3DE303003D087B /* Debug */,
				E9877D581A3DE303003D087B /* Release */,
			);
			defaultConfigurationIsVisible = 0;
			defaultConfigurationName = Release;
		};
		E9877D591A3DE303003D087B /* Build configuration list for PBXNativeTarget "HelloWorldSwiftTests" */ = {
			isa = XCConfigurationList;
			buildConfigurations = (
				E9877D5A1A3DE303003D087B /* Debug */,
				E9877D5B1A3DE303003D087B /* Release */,
			);
			defaultConfigurationIsVisible = 0;
			defaultConfigurationName = Release;
		};
/* End XCConfigurationList section */
	};
	rootObject = E9877D2F1A3DE302003D087B /* Project object */;
}
